github.com/bots-go-framework/bots-api-telegram v0.3.0 h1:UTZBdnIfuFImFx7x5YGGIxALo07Lo98E3qZmm1HZMBs=
github.com/bots-go-framework/bots-api-telegram v0.3.0/go.mod h1:mZTBYEEgSMk0f3VDrapHoKS3v2Hi4EnKMAAxh3wrG28=
github.com/bots-go-framework/bots-api-telegram v0.4.1 h1:JCaz3XBiEYUZAhNoqy2mEuFAS7FiufFFQYyoaxv6BP0=
github.com/bots-go-framework/bots-api-telegram v0.4.1/go.mod h1:8Moflzb9qwFY4TbZO25irISFEYuYo/xb3h92owP4RKI=
github.com/bots-go-framework/bots-fw v0.16.8 h1:x7/zzWI9DKPtet310DVKOQKhMTpynCCLhqlYJ9PlES8=
github.com/bots-go-framework/bots-fw v0.16.8/go.mod h1:9q855DIMQRTdaCjQ1E/o3LWztxNMIiZlZuzx99Gmrys=
github.com/bots-go-framework/bots-fw v0.16.9 h1:xAfo9OfXdFzk1XuiwM2/r+fZbR3O1jCb10H8XlNS/y0=
github.com/bots-go-framework/bots-fw v0.16.9/go.mod h1:ENb9dNwg/peyr39zojQbnpCyr8p5ynKAt8jAycHK240=
github.com/bots-go-framework/bots-fw v0.16.12 h1:0DKVIe6VQk77GhEI/NSqrXYN7ogBAt4j+itfIhXgKlk=
github.com/bots-go-framework/bots-fw v0.16.12/go.mod h1:2oNckzJLUZ2vwllw1qh85RLvxBg/5xWUMK8EHWeLeEc=
github.com/bots-go-framework/bots-fw v0.17.1 h1:81I6Od2GhiZorh77yYGyaTZitXMcYlU/ef4Wvk51SqQ=
github.com/bots-go-framework/bots-fw v0.17.1/go.mod h1:exVfNsNj6RaKFt0gNWdxqMk3CNddzevinksldCe6kmw=
github.com/bots-go-framework/bots-fw-store v0.0.7 h1:Prq99VAJWtVkgLkwXtvMQIg0dsi3XQWoFmWRqBj4j5k=
github.com/bots-go-framework/bots-fw-store v0.0.7/go.mod h1:XkLKnHugQ98Wr5VIlw2YuRYJNMcqqYDDw/j47plxmBY=
github.com/bots-go-framework/bots-fw-telegram v0.6.8 h1:3UX/rMfg6Ioh3o1vYWehZvpQQ7gVK98EFmvPdBNNjDo=
github.com/bots-go-framework/bots-fw-telegram v0.6.8/go.mod h1:It2f5z2WM0xooPbkxwiqpfhB/O5NuH+oJI8jnmZ35rA=
github.com/bots-go-framework/bots-fw-telegram v0.6.10 h1:HYxpBKuYv9m4eFm55Y8H1dNZAqHRfECHaraeKbq0NJI=
github.com/bots-go-framework/bots-fw-telegram v0.6.10/go.mod h1:tOPhIFXryhDrZDkSNmqln0cKNbymzqOHfUR9uAs+VuI=
github.com/bots-go-framework/bots-fw-telegram v0.6.11 h1:Z+NOVqvvbFuWEfeB7+yUuBWVaFQHlzH05u2+ccfuegg=
github.com/bots-go-framework/bots-fw-telegram v0.6.11/go.mod h1:sYuIH5MDuRo+3+/j/pP2R6eErQKB5WK/TLKrHwWHQsk=
github.com/bots-go-framework/bots-fw-telegram v0.6.12 h1:w1Gtu6uPz/ouM0NJf8Cy6tC3muASFSIbjr4Zeuvm2nI=
github.com/bots-go-framework/bots-fw-telegram v0.6.12/go.mod h1:l86a288g6IHe8vldHdL9bOD/MwFEvEr1YMAo68fir4Y=
github.com/bots-go-framework/bots-fw-telegram v0.6.13 h1:1o2p0msON79lHje0s2f17H6Hu8THiTXLNSHK1eDHhf8=
github.com/bots-go-framework/bots-fw-telegram v0.6.13/go.mod h1:DxCjlWCSJyp/dCyJsLyNjDQ59JyGqNr+Z4xh23oLJW8=
github.com/bots-go-framework/bots-fw-telegram-models v0.0.7 h1:HL8eNcV7kjIy1YPhF6tj4jquITCPI2nMxLKYuwTmUuY=
github.com/bots-go-framework/bots-fw-telegram-models v0.0.7/go.mod h1:yqUhThSqY0MPKMGeKSQu499kgcUdnB2wehNuFwzvoqc=
github.com/bots-go-framework/bots-fw-telegram-models v0.0.9 h1:kIlCA+NIOO2HRdCc/WTgtCtMOFUxvBikJH47b2HmhLU=
github.com/bots-go-framework/bots-fw-telegram-models v0.0.9/go.mod h1:IQXmin0t0KSOXP3BD3Mbh+U+BHdu7TIHdZ+X3Kt1Xw0=
github.com/bots-go-framework/bots-fw-telegram-models v0.0.11 h1:cqZQQREj0lnkqzmvr+vyJ6tg9cS5Rh1QWArFV5S5WVQ=
github.com/bots-go-framework/bots-fw-telegram-models v0.0.11/go.mod h1:IEAa6c1kT0qI65zXK6XKQc4+fzki2AuZuSsfnvUbmZ8=
github.com/bots-go-framework/bots-fw-telegram-models v0.0.12 h1:o9ral7/McHWi+8tbvE1Ud9ODrZviKcnWpgTrYfkzIQo=
github.com/bots-go-framework/bots-fw-telegram-models v0.0.12/go.mod h1:DWJWOhv6H6+/4k/hMH/LTD53nnHMMbWWj+ZVbxtIBJA=
github.com/bots-go-framework/bots-go-core v0.0.1 h1:Br7j+Ir3R6U8x1mnFZFq1G1K0bupJhLvdF8TIqI/7i8=
github.com/bots-go-framework/bots-go-core v0.0.1/go.mod h1:txRZn1MlcJEiCUra3bQtpkt9IM2EFGaeUvqS1VLyl30=
github.com/dal-go/dalgo v0.2.28 h1:/FYFQgrUUvE2rIXv1N1mOvCHYqWNQfun1FrETozgYCI=
github.com/dal-go/dalgo v0.2.28/go.mod h1:b0U+y2xjE5xY+HJ+vAt1DDcJe32N98tbRWDp5tPTwIc=
github.com/dal-go/dalgo v0.2.30 h1:VtpW3rk1C1pDEKjgwkhXFE6vccXiCbqgScsveEa4pOo=
github.com/dal-go/dalgo v0.2.30/go.mod h1:REh0bOj3Nf7esWrhEtXivfaZX5OhVyRofF0crxGlsdc=
github.com/dal-go/dalgo v0.2.31 h1:i+22Fn1Y2lYSna8sPJIdaPHAvfVijthXvXIXWe7GOUU=
github.com/dal-go/dalgo v0.2.31/go.mod h1:741DXTLpQfmvkazyEiivX8OBFylpzS1QErdh/6WquqI=
github.com/davecgh/go-spew v1.1.1 h1:vj9j/u1bqnvCEfJOwUhtlOARqs3+rkHYY13jYWTU97c=
github.com/pmezard/go-difflib v1.0.0 h1:4DBwDE0NGyQoBHbLQYPwSUPoCMWR5BEzIk/f1lZbAQM=
github.com/pquerna/ffjson v0.0.0-20190930134022-aa0246cd15f7 h1:xoIK0ctDddBMnc74udxJYBqlo9Ylnsp1waqjLsnef20=
github.com/pquerna/ffjson v0.0.0-20190930134022-aa0246cd15f7/go.mod h1:YARuvh7BUWHNhzDq2OM5tzR2RiCcN2D7sapiKyCel/M=
github.com/stretchr/testify v1.8.3 h1:RP3t2pwF7cMEbC1dqtB6poj3niw/9gnV4Cjg5oW5gtY=
github.com/strongo/app v0.4.1 h1:3Yggb9+byljzAzWspeoQNVIcsP/ufydC1BfDIMOogLg=
github.com/strongo/app v0.4.1/go.mod h1:r1GYjymMLncZ+hcIx/Yar41KmBobnjE/YOi3ngm6l08=
github.com/strongo/app v0.5.5 h1:0pzFwkgGHHHCYu6DRr2PMFAfgSgGLnfVbgP1JkzXlHg=
github.com/strongo/app v0.5.5/go.mod h1:r1GYjymMLncZ+hcIx/Yar41KmBobnjE/YOi3ngm6l08=
github.com/strongo/app v0.5.7 h1:Qm4YNBmCti0ewDeSqp/8hhXrD7UOHLsk5Lp0yjgOQGI=
github.com/strongo/app v0.5.7/go.mod h1:3sv0TgKPA03wHoJX5d4zn7gqwxaxGAKthvyvVZd+Q0Y=
github.com/strongo/gamp v0.0.1 h1:b6vzHUzNvbPOhzPtIja1NqKf8GQqrJWjs2gninQPZac=
github.com/strongo/gamp v0.0.1/go.mod h1:ZcVVIzSQFygVehdtGh6KYmcp1eOacuEKb9th81WcUOw=
github.com/strongo/i18n v0.0.4 h1:48DQrrlqTlZBi7uFbyruOVsSfr+X24RmO59FaOXLWGQ=
github.com/strongo/i18n v0.0.4/go.mod h1:4jBQ4PJ3Uiri2Y+LHJ5/o1nB1H2ToddRW/yZXSOTUjE=
github.com/strongo/log v0.3.0 h1:89rh62SdO9TNTd8/pzhMSdGCmZwFDXHWm5ZtJvp0Wcg=
github.com/strongo/log v0.3.0/go.mod h1:C0OyprbH7WjyhcZXdveDiu5n0vxB8qZ1rQXxtUqx8y4=
github.com/strongo/random v0.0.1 h1:OZHJBb/3uEa7OX8L2Dv2pLnSeewRmXMyTACoeto6O8I=
github.com/strongo/random v0.0.1/go.mod h1:/pSI+SjBNLBkjljNtVdYr6ERddA+LqSa87o0/s+9iuU=
github.com/strongo/validation v0.0.1 h1:kBMqVLa73nT6FaWrMX5aPKbM4hcNqe6A519MoRXhLUY=
github.com/strongo/validation v0.0.1/go.mod h1:euQ9ywYwBASSnCLSYOx8JW0u4/71yfbeZhBQJv93dZg=
github.com/strongo/validation v0.0.5 h1:O+eJM06v+rR+ZUua7kBi1JCK4a7JXMlkS7pmXkhxFJc=
github.com/strongo/validation v0.0.5/go.mod h1:euQ9ywYwBASSnCLSYOx8JW0u4/71yfbeZhBQJv93dZg=
github.com/technoweenie/multipartstreamer v1.0.1 h1:XRztA5MXiR1TIRHxH2uNxXxaIkKQDeX7m2XsSOlQEnM=
github.com/technoweenie/multipartstreamer v1.0.1/go.mod h1:jNVxdtShOxzAsukZwTSw6MDx5eUJoiEBsSvzDU9uzog=
gopkg.in/yaml.v3 v3.0.1 h1:fxVm/GzAzEWqLHuvctI91KS9hhNmmWOoWu0XTYJS7CA=
